
Microsoft Visual Studio Solution File, Format Version 12.00
# Visual Studio Version 17
VisualStudioVersion = 17.7.34024.191
MinimumVisualStudioVersion = 10.0.40219.1
Project("{FAE04EC0-301F-11D3-BF4B-00C04F79EFBC}") = "bead_proba1", "bead_proba1\bead_proba1.csproj", "{EA31BF3D-C56D-4318-BC23-1B8F7FFBCD57}"
EndProject
Global
	GlobalSection(SolutionConfigurationPlatforms) = preSolution
		Debug|Any CPU = Debug|Any CPU
		Release|Any CPU = Release|Any CPU
	EndGlobalSection
	GlobalSection(ProjectConfigurationPlatforms) = postSolution
		{EA31BF3D-C56D-4318-BC23-1B8F7FFBCD57}.Debug|Any CPU.ActiveCfg = Debug|Any CPU
		{EA31BF3D-C56D-4318-BC23-1B8F7FFBCD57}.Debug|Any CPU.Build.0 = Debug|Any CPU
		{EA31BF3D-C56D-4318-BC23-1B8F7FFBCD57}.Release|Any CPU.ActiveCfg = Release|Any CPU
		{EA31BF3D-C56D-4318-BC23-1B8F7FFBCD57}.Release|Any CPU.Build.0 = Release|Any CPU
	EndGlobalSection
	GlobalSection(SolutionProperties) = preSolution
		HideSolutionNode = FALSE
	EndGlobalSection
	GlobalSection(ExtensibilityGlobals) = postSolution
		SolutionGuid = {94420F95-ABD2-49F6-8B6F-928DD1A07A88}
	EndGlobalSection
EndGlobal
